// !$*UTF8*$!
{
	archiveVersion = 1;
	classes = {
	};
	objectVersion = 55;
	objects = {

/* Begin PBXBuildFile section */
		BC0FE77A289E0C250022B907 /* CombineViewController.swift in Sources */ = {isa = PBXBuildFile; fileRef = BC0FE779289E0C250022B907 /* CombineViewController.swift */; };
		BC0FE77C289E0C3C0022B907 /* CombineViewModel.swift in Sources */ = {isa = PBXBuildFile; fileRef = BC0FE77B289E0C3C0022B907 /* CombineViewModel.swift */; };
		BC0FE77F289E61930022B907 /* KakaoLoginViewController.swift in Sources */ = {isa = PBXBuildFile; fileRef = BC0FE77E289E61930022B907 /* KakaoLoginViewController.swift */; };
		BC0FE782289E62400022B907 /* KakaoSDK in Frameworks */ = {isa = PBXBuildFile; productRef = BC0FE781289E62400022B907 /* KakaoSDK */; };
		BC0FE784289E62400022B907 /* KakaoSDKAuth in Frameworks */ = {isa = PBXBuildFile; productRef = BC0FE783289E62400022B907 /* KakaoSDKAuth */; };
		BC0FE786289E62400022B907 /* KakaoSDKCommon in Frameworks */ = {isa = PBXBuildFile; productRef = BC0FE785289E62400022B907 /* KakaoSDKCommon */; };
		BC0FE788289E62400022B907 /* KakaoSDKCommonCore in Frameworks */ = {isa = PBXBuildFile; productRef = BC0FE787289E62400022B907 /* KakaoSDKCommonCore */; };
		BC0FE78A289E62400022B907 /* KakaoSDKNavi in Frameworks */ = {isa = PBXBuildFile; productRef = BC0FE789289E62400022B907 /* KakaoSDKNavi */; };
		BC0FE78C289E62400022B907 /* KakaoSDKShare in Frameworks */ = {isa = PBXBuildFile; productRef = BC0FE78B289E62400022B907 /* KakaoSDKShare */; };
		BC0FE78E289E62400022B907 /* KakaoSDKStory in Frameworks */ = {isa = PBXBuildFile; productRef = BC0FE78D289E62400022B907 /* KakaoSDKStory */; };
		BC0FE790289E62400022B907 /* KakaoSDKTalk in Frameworks */ = {isa = PBXBuildFile; productRef = BC0FE78F289E62400022B907 /* KakaoSDKTalk */; };
		BC0FE792289E62400022B907 /* KakaoSDKTemplate in Frameworks */ = {isa = PBXBuildFile; productRef = BC0FE791289E62400022B907 /* KakaoSDKTemplate */; };
		BC0FE794289E62400022B907 /* KakaoSDKUser in Frameworks */ = {isa = PBXBuildFile; productRef = BC0FE793289E62400022B907 /* KakaoSDKUser */; };
		BC0FE797289E66580022B907 /* KakaoAuthVM.swift in Sources */ = {isa = PBXBuildFile; fileRef = BC0FE796289E66580022B907 /* KakaoAuthVM.swift */; };
		BC0FE79A289E675E0022B907 /* SnapKit in Frameworks */ = {isa = PBXBuildFile; productRef = BC0FE799289E675E0022B907 /* SnapKit */; };
		BC56D589289B993B00AFB73D /* AppDelegate.swift in Sources */ = {isa = PBXBuildFile; fileRef = BC56D588289B993B00AFB73D /* AppDelegate.swift */; };
		BC56D58B289B993B00AFB73D /* SceneDelegate.swift in Sources */ = {isa = PBXBuildFile; fileRef = BC56D58A289B993B00AFB73D /* SceneDelegate.swift */; };
		BC56D58D289B993B00AFB73D /* DelegateViewController.swift in Sources */ = {isa = PBXBuildFile; fileRef = BC56D58C289B993B00AFB73D /* DelegateViewController.swift */; };
		BC56D593289B993B00AFB73D /* practiceProject.xcdatamodeld in Sources */ = {isa = PBXBuildFile; fileRef = BC56D591289B993B00AFB73D /* practiceProject.xcdatamodeld */; };
		BC56D595289B993C00AFB73D /* Assets.xcassets in Resources */ = {isa = PBXBuildFile; fileRef = BC56D594289B993C00AFB73D /* Assets.xcassets */; };
		BC56D598289B993C00AFB73D /* LaunchScreen.storyboard in Resources */ = {isa = PBXBuildFile; fileRef = BC56D596289B993C00AFB73D /* LaunchScreen.storyboard */; };
		BC56D5A1289BA10500AFB73D /* Alamofire in Frameworks */ = {isa = PBXBuildFile; productRef = BC56D5A0289BA10500AFB73D /* Alamofire */; };
		BC56D5A6289BA23D00AFB73D /* SecondViewController.swift in Sources */ = {isa = PBXBuildFile; fileRef = BC56D5A5289BA23D00AFB73D /* SecondViewController.swift */; };
		BC56D5AB289BAF1100AFB73D /* EscapingViewController.swift in Sources */ = {isa = PBXBuildFile; fileRef = BC56D5AA289BAF1100AFB73D /* EscapingViewController.swift */; };
		BC56D5B0289BB39200AFB73D /* AlamofireViewController.swift in Sources */ = {isa = PBXBuildFile; fileRef = BC56D5AF289BB39200AFB73D /* AlamofireViewController.swift */; };
		BC56D5B2289BBCB400AFB73D /* AlamofireManager.swift in Sources */ = {isa = PBXBuildFile; fileRef = BC56D5B1289BBCB400AFB73D /* AlamofireManager.swift */; };
		BC56D5B4289BFF5400AFB73D /* Weather.swift in Sources */ = {isa = PBXBuildFile; fileRef = BC56D5B3289BFF5400AFB73D /* Weather.swift */; };
		BC64BEEC28A65E4D00EE7A4D /* VideoViewController.swift in Sources */ = {isa = PBXBuildFile; fileRef = BC64BEEB28A65E4D00EE7A4D /* VideoViewController.swift */; };
		BC8534EB28A3885E002CC56D /* CoordinatorFirstViewController.swift in Sources */ = {isa = PBXBuildFile; fileRef = BC8534EA28A3885E002CC56D /* CoordinatorFirstViewController.swift */; };
		BC8534ED28A38869002CC56D /* CoordinatorSecondViewController.swift in Sources */ = {isa = PBXBuildFile; fileRef = BC8534EC28A38869002CC56D /* CoordinatorSecondViewController.swift */; };
		BC8534EF28A3BA98002CC56D /* TestCoordinator.swift in Sources */ = {isa = PBXBuildFile; fileRef = BC8534EE28A3BA98002CC56D /* TestCoordinator.swift */; };
		BC8534F128A3C1FE002CC56D /* Coordinator.swift in Sources */ = {isa = PBXBuildFile; fileRef = BC8534F028A3C1FE002CC56D /* Coordinator.swift */; };
		BC8534F428A520DE002CC56D /* AudioViewController.swift in Sources */ = {isa = PBXBuildFile; fileRef = BC8534F328A520DE002CC56D /* AudioViewController.swift */; };
		BCAFCD3B289CDBC500926181 /* User.swift in Sources */ = {isa = PBXBuildFile; fileRef = BCAFCD3A289CDBC500926181 /* User.swift */; };
		BCB9FA5828A0DCD1009A3CC1 /* HomeViewController.swift in Sources */ = {isa = PBXBuildFile; fileRef = BCB9FA5728A0DCD1009A3CC1 /* HomeViewController.swift */; };
		BCB9FA5A28A0DD54009A3CC1 /* RootTabBarViewController.swift in Sources */ = {isa = PBXBuildFile; fileRef = BCB9FA5928A0DD54009A3CC1 /* RootTabBarViewController.swift */; };
		BCB9FA5C28A0DE39009A3CC1 /* ChatViewController.swift in Sources */ = {isa = PBXBuildFile; fileRef = BCB9FA5B28A0DE39009A3CC1 /* ChatViewController.swift */; };
		BCB9FA6128A0E7EC009A3CC1 /* HomeCollectionViewCellOne.swift in Sources */ = {isa = PBXBuildFile; fileRef = BCB9FA6028A0E7EC009A3CC1 /* HomeCollectionViewCellOne.swift */; };
		BCFBC42628A1F6E400A95A9F /* HomeTableViewCellThree.swift in Sources */ = {isa = PBXBuildFile; fileRef = BCFBC42528A1F6E400A95A9F /* HomeTableViewCellThree.swift */; };
		BCFBC42828A1F71F00A95A9F /* DemoHomeViewController.swift in Sources */ = {isa = PBXBuildFile; fileRef = BCFBC42728A1F71F00A95A9F /* DemoHomeViewController.swift */; };
		BCFBC42A28A205FB00A95A9F /* HomeTableViewCellOne.swift in Sources */ = {isa = PBXBuildFile; fileRef = BCFBC42928A205FB00A95A9F /* HomeTableViewCellOne.swift */; };
		BCFBC42C28A22CFD00A95A9F /* HomeCollectionViewCellThree.swift in Sources */ = {isa = PBXBuildFile; fileRef = BCFBC42B28A22CFD00A95A9F /* HomeCollectionViewCellThree.swift */; };
		BCFBC42E28A2525F00A95A9F /* HomeCollectionViewCellTwo.swift in Sources */ = {isa = PBXBuildFile; fileRef = BCFBC42D28A2525F00A95A9F /* HomeCollectionViewCellTwo.swift */; };
		BCFBC43028A2528100A95A9F /* HomeTableViewCellTwo.swift in Sources */ = {isa = PBXBuildFile; fileRef = BCFBC42F28A2528100A95A9F /* HomeTableViewCellTwo.swift */; };
/* End PBXBuildFile section */

/* Begin PBXFileReference section */
		BC0FE779289E0C250022B907 /* CombineViewController.swift */ = {isa = PBXFileReference; lastKnownFileType = sourcecode.swift; path = CombineViewController.swift; sourceTree = "<group>"; };
		BC0FE77B289E0C3C0022B907 /* CombineViewModel.swift */ = {isa = PBXFileReference; lastKnownFileType = sourcecode.swift; path = CombineViewModel.swift; sourceTree = "<group>"; };
		BC0FE77E289E61930022B907 /* KakaoLoginViewController.swift */ = {isa = PBXFileReference; lastKnownFileType = sourcecode.swift; path = KakaoLoginViewController.swift; sourceTree = "<group>"; };
		BC0FE795289E63670022B907 /* Config.xcconfig */ = {isa = PBXFileReference; lastKnownFileType = text.xcconfig; path = Config.xcconfig; sourceTree = "<group>"; };
		BC0FE796289E66580022B907 /* KakaoAuthVM.swift */ = {isa = PBXFileReference; lastKnownFileType = sourcecode.swift; path = KakaoAuthVM.swift; sourceTree = "<group>"; };
		BC56D585289B993B00AFB73D /* practiceProject.app */ = {isa = PBXFileReference; explicitFileType = wrapper.application; includeInIndex = 0; path = practiceProject.app; sourceTree = BUILT_PRODUCTS_DIR; };
		BC56D588289B993B00AFB73D /* AppDelegate.swift */ = {isa = PBXFileReference; lastKnownFileType = sourcecode.swift; path = AppDelegate.swift; sourceTree = "<group>"; };
		BC56D58A289B993B00AFB73D /* SceneDelegate.swift */ = {isa = PBXFileReference; lastKnownFileType = sourcecode.swift; path = SceneDelegate.swift; sourceTree = "<group>"; };
		BC56D58C289B993B00AFB73D /* DelegateViewController.swift */ = {isa = PBXFileReference; lastKnownFileType = sourcecode.swift; path = DelegateViewController.swift; sourceTree = "<group>"; };
		BC56D592289B993B00AFB73D /* practiceProject.xcdatamodel */ = {isa = PBXFileReference; lastKnownFileType = wrapper.xcdatamodel; path = practiceProject.xcdatamodel; sourceTree = "<group>"; };
		BC56D594289B993C00AFB73D /* Assets.xcassets */ = {isa = PBXFileReference; lastKnownFileType = folder.assetcatalog; path = Assets.xcassets; sourceTree = "<group>"; };
		BC56D597289B993C00AFB73D /* Base */ = {isa = PBXFileReference; lastKnownFileType = file.storyboard; name = Base; path = Base.lproj/LaunchScreen.storyboard; sourceTree = "<group>"; };
		BC56D599289B993C00AFB73D /* Info.plist */ = {isa = PBXFileReference; lastKnownFileType = text.plist.xml; path = Info.plist; sourceTree = "<group>"; };
		BC56D5A5289BA23D00AFB73D /* SecondViewController.swift */ = {isa = PBXFileReference; lastKnownFileType = sourcecode.swift; path = SecondViewController.swift; sourceTree = "<group>"; };
		BC56D5AA289BAF1100AFB73D /* EscapingViewController.swift */ = {isa = PBXFileReference; lastKnownFileType = sourcecode.swift; path = EscapingViewController.swift; sourceTree = "<group>"; };
		BC56D5AF289BB39200AFB73D /* AlamofireViewController.swift */ = {isa = PBXFileReference; lastKnownFileType = sourcecode.swift; path = AlamofireViewController.swift; sourceTree = "<group>"; };
		BC56D5B1289BBCB400AFB73D /* AlamofireManager.swift */ = {isa = PBXFileReference; lastKnownFileType = sourcecode.swift; path = AlamofireManager.swift; sourceTree = "<group>"; };
		BC56D5B3289BFF5400AFB73D /* Weather.swift */ = {isa = PBXFileReference; lastKnownFileType = sourcecode.swift; path = Weather.swift; sourceTree = "<group>"; };
		BC64BEEB28A65E4D00EE7A4D /* VideoViewController.swift */ = {isa = PBXFileReference; lastKnownFileType = sourcecode.swift; path = VideoViewController.swift; sourceTree = "<group>"; };
		BC8534EA28A3885E002CC56D /* CoordinatorFirstViewController.swift */ = {isa = PBXFileReference; lastKnownFileType = sourcecode.swift; path = CoordinatorFirstViewController.swift; sourceTree = "<group>"; };
		BC8534EC28A38869002CC56D /* CoordinatorSecondViewController.swift */ = {isa = PBXFileReference; lastKnownFileType = sourcecode.swift; path = CoordinatorSecondViewController.swift; sourceTree = "<group>"; };
		BC8534EE28A3BA98002CC56D /* TestCoordinator.swift */ = {isa = PBXFileReference; lastKnownFileType = sourcecode.swift; path = TestCoordinator.swift; sourceTree = "<group>"; };
		BC8534F028A3C1FE002CC56D /* Coordinator.swift */ = {isa = PBXFileReference; lastKnownFileType = sourcecode.swift; path = Coordinator.swift; sourceTree = "<group>"; };
		BC8534F328A520DE002CC56D /* AudioViewController.swift */ = {isa = PBXFileReference; lastKnownFileType = sourcecode.swift; path = AudioViewController.swift; sourceTree = "<group>"; };
		BCAFCD3A289CDBC500926181 /* User.swift */ = {isa = PBXFileReference; lastKnownFileType = sourcecode.swift; path = User.swift; sourceTree = "<group>"; };
		BCB9FA5728A0DCD1009A3CC1 /* HomeViewController.swift */ = {isa = PBXFileReference; lastKnownFileType = sourcecode.swift; path = HomeViewController.swift; sourceTree = "<group>"; };
		BCB9FA5928A0DD54009A3CC1 /* RootTabBarViewController.swift */ = {isa = PBXFileReference; lastKnownFileType = sourcecode.swift; path = RootTabBarViewController.swift; sourceTree = "<group>"; };
		BCB9FA5B28A0DE39009A3CC1 /* ChatViewController.swift */ = {isa = PBXFileReference; lastKnownFileType = sourcecode.swift; path = ChatViewController.swift; sourceTree = "<group>"; };
		BCB9FA6028A0E7EC009A3CC1 /* HomeCollectionViewCellOne.swift */ = {isa = PBXFileReference; lastKnownFileType = sourcecode.swift; path = HomeCollectionViewCellOne.swift; sourceTree = "<group>"; };
		BCFBC42528A1F6E400A95A9F /* HomeTableViewCellThree.swift */ = {isa = PBXFileReference; lastKnownFileType = sourcecode.swift; path = HomeTableViewCellThree.swift; sourceTree = "<group>"; };
		BCFBC42728A1F71F00A95A9F /* DemoHomeViewController.swift */ = {isa = PBXFileReference; lastKnownFileType = sourcecode.swift; path = DemoHomeViewController.swift; sourceTree = "<group>"; };
		BCFBC42928A205FB00A95A9F /* HomeTableViewCellOne.swift */ = {isa = PBXFileReference; lastKnownFileType = sourcecode.swift; path = HomeTableViewCellOne.swift; sourceTree = "<group>"; };
		BCFBC42B28A22CFD00A95A9F /* HomeCollectionViewCellThree.swift */ = {isa = PBXFileReference; lastKnownFileType = sourcecode.swift; path = HomeCollectionViewCellThree.swift; sourceTree = "<group>"; };
		BCFBC42D28A2525F00A95A9F /* HomeCollectionViewCellTwo.swift */ = {isa = PBXFileReference; lastKnownFileType = sourcecode.swift; path = HomeCollectionViewCellTwo.swift; sourceTree = "<group>"; };
		BCFBC42F28A2528100A95A9F /* HomeTableViewCellTwo.swift */ = {isa = PBXFileReference; lastKnownFileType = sourcecode.swift; path = HomeTableViewCellTwo.swift; sourceTree = "<group>"; };
/* End PBXFileReference section */

/* Begin PBXFrameworksBuildPhase section */
		BC56D582289B993B00AFB73D /* Frameworks */ = {
			isa = PBXFrameworksBuildPhase;
			buildActionMask = 2147483647;
			files = (
				BC0FE78C289E62400022B907 /* KakaoSDKShare in Frameworks */,
				BC0FE794289E62400022B907 /* KakaoSDKUser in Frameworks */,
				BC0FE786289E62400022B907 /* KakaoSDKCommon in Frameworks */,
				BC56D5A1289BA10500AFB73D /* Alamofire in Frameworks */,
				BC0FE790289E62400022B907 /* KakaoSDKTalk in Frameworks */,
				BC0FE782289E62400022B907 /* KakaoSDK in Frameworks */,
				BC0FE792289E62400022B907 /* KakaoSDKTemplate in Frameworks */,
				BC0FE78A289E62400022B907 /* KakaoSDKNavi in Frameworks */,
				BC0FE788289E62400022B907 /* KakaoSDKCommonCore in Frameworks */,
				BC0FE79A289E675E0022B907 /* SnapKit in Frameworks */,
				BC0FE784289E62400022B907 /* KakaoSDKAuth in Frameworks */,
				BC0FE78E289E62400022B907 /* KakaoSDKStory in Frameworks */,
			);
			runOnlyForDeploymentPostprocessing = 0;
		};
/* End PBXFrameworksBuildPhase section */

/* Begin PBXGroup section */
		BC0FE778289E0BC60022B907 /* Combine */ = {
			isa = PBXGroup;
			children = (
				BC0FE779289E0C250022B907 /* CombineViewController.swift */,
				BC0FE77B289E0C3C0022B907 /* CombineViewModel.swift */,
			);
			path = Combine;
			sourceTree = "<group>";
		};
		BC0FE77D289E61090022B907 /* KakaoLogin */ = {
			isa = PBXGroup;
			children = (
				BC0FE77E289E61930022B907 /* KakaoLoginViewController.swift */,
				BC0FE796289E66580022B907 /* KakaoAuthVM.swift */,
			);
			path = KakaoLogin;
			sourceTree = "<group>";
		};
		BC56D57C289B993B00AFB73D = {
			isa = PBXGroup;
			children = (
				BC56D587289B993B00AFB73D /* practiceProject */,
				BC56D586289B993B00AFB73D /* Products */,
			);
			sourceTree = "<group>";
		};
		BC56D586289B993B00AFB73D /* Products */ = {
			isa = PBXGroup;
			children = (
				BC56D585289B993B00AFB73D /* practiceProject.app */,
			);
			name = Products;
			sourceTree = "<group>";
		};
		BC56D587289B993B00AFB73D /* practiceProject */ = {
			isa = PBXGroup;
			children = (
				BC56D5AE289BB1B100AFB73D /* SubPractice */,
				BC56D5AD289BB1A500AFB73D /* MainPractice */,
				BC56D588289B993B00AFB73D /* AppDelegate.swift */,
				BC56D58A289B993B00AFB73D /* SceneDelegate.swift */,
				BC56D594289B993C00AFB73D /* Assets.xcassets */,
				BC56D596289B993C00AFB73D /* LaunchScreen.storyboard */,
				BC56D599289B993C00AFB73D /* Info.plist */,
				BC56D591289B993B00AFB73D /* practiceProject.xcdatamodeld */,
				BC0FE795289E63670022B907 /* Config.xcconfig */,
			);
			path = practiceProject;
			sourceTree = "<group>";
		};
		BC56D5A2289BA17200AFB73D /* Model */ = {
			isa = PBXGroup;
			children = (
			);
			path = Model;
			sourceTree = "<group>";
		};
		BC56D5A3289BA17E00AFB73D /* View */ = {
			isa = PBXGroup;
			children = (
				BCB9FA5E28A0E7A2009A3CC1 /* TabBar */,
				BCB9FA5D28A0E798009A3CC1 /* Home */,
				BC8534F228A520B0002CC56D /* AVPlayer */,
				BCB9FA5F28A0E7BA009A3CC1 /* Chat */,
			);
			path = View;
			sourceTree = "<group>";
		};
		BC56D5A4289BA18200AFB73D /* ViewModel */ = {
			isa = PBXGroup;
			children = (
			);
			path = ViewModel;
			sourceTree = "<group>";
		};
		BC56D5A7289BAAF300AFB73D /* Delegate */ = {
			isa = PBXGroup;
			children = (
				BC56D58C289B993B00AFB73D /* DelegateViewController.swift */,
				BC56D5A5289BA23D00AFB73D /* SecondViewController.swift */,
			);
			path = Delegate;
			sourceTree = "<group>";
		};
		BC56D5A8289BAB3300AFB73D /* Escaping */ = {
			isa = PBXGroup;
			children = (
				BC56D5AA289BAF1100AFB73D /* EscapingViewController.swift */,
			);
			path = Escaping;
			sourceTree = "<group>";
		};
		BC56D5AC289BB06400AFB73D /* Alamofire */ = {
			isa = PBXGroup;
			children = (
				BC56D5AF289BB39200AFB73D /* AlamofireViewController.swift */,
				BC56D5B1289BBCB400AFB73D /* AlamofireManager.swift */,
				BC56D5B3289BFF5400AFB73D /* Weather.swift */,
				BCAFCD3A289CDBC500926181 /* User.swift */,
			);
			path = Alamofire;
			sourceTree = "<group>";
		};
		BC56D5AD289BB1A500AFB73D /* MainPractice */ = {
			isa = PBXGroup;
			children = (
				BC8534F028A3C1FE002CC56D /* Coordinator.swift */,
				BC56D5A2289BA17200AFB73D /* Model */,
				BC56D5A3289BA17E00AFB73D /* View */,
				BC56D5A4289BA18200AFB73D /* ViewModel */,
			);
			path = MainPractice;
			sourceTree = "<group>";
		};
		BC56D5AE289BB1B100AFB73D /* SubPractice */ = {
			isa = PBXGroup;
			children = (
				BC8534E928A3883A002CC56D /* Coordinator */,
				BC0FE77D289E61090022B907 /* KakaoLogin */,
				BC0FE778289E0BC60022B907 /* Combine */,
				BC56D5AC289BB06400AFB73D /* Alamofire */,
				BC56D5A8289BAB3300AFB73D /* Escaping */,
				BC56D5A7289BAAF300AFB73D /* Delegate */,
			);
			path = SubPractice;
			sourceTree = "<group>";
		};
		BC8534E928A3883A002CC56D /* Coordinator */ = {
			isa = PBXGroup;
			children = (
				BC8534EA28A3885E002CC56D /* CoordinatorFirstViewController.swift */,
				BC8534EC28A38869002CC56D /* CoordinatorSecondViewController.swift */,
				BC8534EE28A3BA98002CC56D /* TestCoordinator.swift */,
			);
			path = Coordinator;
			sourceTree = "<group>";
		};
		BC8534F228A520B0002CC56D /* AVPlayer */ = {
			isa = PBXGroup;
			children = (
				BC8534F328A520DE002CC56D /* AudioViewController.swift */,
				BC64BEEB28A65E4D00EE7A4D /* VideoViewController.swift */,
			);
			path = AVPlayer;
			sourceTree = "<group>";
		};
		BCB9FA5D28A0E798009A3CC1 /* Home */ = {
			isa = PBXGroup;
			children = (
				BCB9FA5728A0DCD1009A3CC1 /* HomeViewController.swift */,
				BCFBC42728A1F71F00A95A9F /* DemoHomeViewController.swift */,
				BCFBC43128A262B100A95A9F /* TableViewCell */,
				BCFBC43228A262E300A95A9F /* CollectionViewCell */,
			);
			path = Home;
			sourceTree = "<group>";
		};
		BCB9FA5E28A0E7A2009A3CC1 /* TabBar */ = {
			isa = PBXGroup;
			children = (
				BCB9FA5928A0DD54009A3CC1 /* RootTabBarViewController.swift */,
			);
			path = TabBar;
			sourceTree = "<group>";
		};
		BCB9FA5F28A0E7BA009A3CC1 /* Chat */ = {
			isa = PBXGroup;
			children = (
				BCB9FA5B28A0DE39009A3CC1 /* ChatViewController.swift */,
			);
			path = Chat;
			sourceTree = "<group>";
		};
		BCFBC43128A262B100A95A9F /* TableViewCell */ = {
			isa = PBXGroup;
			children = (
				BCFBC42928A205FB00A95A9F /* HomeTableViewCellOne.swift */,
				BCFBC42F28A2528100A95A9F /* HomeTableViewCellTwo.swift */,
				BCFBC42528A1F6E400A95A9F /* HomeTableViewCellThree.swift */,
			);
			path = TableViewCell;
			sourceTree = "<group>";
		};
		BCFBC43228A262E300A95A9F /* CollectionViewCell */ = {
			isa = PBXGroup;
			children = (
				BCB9FA6028A0E7EC009A3CC1 /* HomeCollectionViewCellOne.swift */,
				BCFBC42D28A2525F00A95A9F /* HomeCollectionViewCellTwo.swift */,
				BCFBC42B28A22CFD00A95A9F /* HomeCollectionViewCellThree.swift */,
			);
			path = CollectionViewCell;
			sourceTree = "<group>";
		};
/* End PBXGroup section */

/* Begin PBXNativeTarget section */
		BC56D584289B993B00AFB73D /* practiceProject */ = {
			isa = PBXNativeTarget;
			buildConfigurationList = BC56D59C289B993C00AFB73D /* Build configuration list for PBXNativeTarget "practiceProject" */;
			buildPhases = (
				BC56D581289B993B00AFB73D /* Sources */,
				BC56D582289B993B00AFB73D /* Frameworks */,
				BC56D583289B993B00AFB73D /* Resources */,
			);
			buildRules = (
			);
			dependencies = (
			);
			name = practiceProject;
			packageProductDependencies = (
				BC56D5A0289BA10500AFB73D /* Alamofire */,
				BC0FE781289E62400022B907 /* KakaoSDK */,
				BC0FE783289E62400022B907 /* KakaoSDKAuth */,
				BC0FE785289E62400022B907 /* KakaoSDKCommon */,
				BC0FE787289E62400022B907 /* KakaoSDKCommonCore */,
				BC0FE789289E62400022B907 /* KakaoSDKNavi */,
				BC0FE78B289E62400022B907 /* KakaoSDKShare */,
				BC0FE78D289E62400022B907 /* KakaoSDKStory */,
				BC0FE78F289E62400022B907 /* KakaoSDKTalk */,
				BC0FE791289E62400022B907 /* KakaoSDKTemplate */,
				BC0FE793289E62400022B907 /* KakaoSDKUser */,
				BC0FE799289E675E0022B907 /* SnapKit */,
			);
			productName = practiceProject;
			productReference = BC56D585289B993B00AFB73D /* practiceProject.app */;
			productType = "com.apple.product-type.application";
		};
/* End PBXNativeTarget section */

/* Begin PBXProject section */
		BC56D57D289B993B00AFB73D /* Project object */ = {
			isa = PBXProject;
			attributes = {
				BuildIndependentTargetsInParallel = 1;
				LastSwiftUpdateCheck = 1340;
				LastUpgradeCheck = 1340;
				TargetAttributes = {
					BC56D584289B993B00AFB73D = {
						CreatedOnToolsVersion = 13.4.1;
					};
				};
			};
			buildConfigurationList = BC56D580289B993B00AFB73D /* Build configuration list for PBXProject "practiceProject" */;
			compatibilityVersion = "Xcode 13.0";
			developmentRegion = en;
			hasScannedForEncodings = 0;
			knownRegions = (
				en,
				Base,
			);
			mainGroup = BC56D57C289B993B00AFB73D;
			packageReferences = (
				BC56D59F289BA10500AFB73D /* XCRemoteSwiftPackageReference "Alamofire" */,
				BC0FE780289E62400022B907 /* XCRemoteSwiftPackageReference "kakao-ios-sdk" */,
				BC0FE798289E675E0022B907 /* XCRemoteSwiftPackageReference "SnapKit" */,
			);
			productRefGroup = BC56D586289B993B00AFB73D /* Products */;
			projectDirPath = "";
			projectRoot = "";
			targets = (
				BC56D584289B993B00AFB73D /* practiceProject */,
			);
		};
/* End PBXProject section */

/* Begin PBXResourcesBuildPhase section */
		BC56D583289B993B00AFB73D /* Resources */ = {
			isa = PBXResourcesBuildPhase;
			buildActionMask = 2147483647;
			files = (
				BC56D598289B993C00AFB73D /* LaunchScreen.storyboard in Resources */,
				BC56D595289B993C00AFB73D /* Assets.xcassets in Resources */,
			);
			runOnlyForDeploymentPostprocessing = 0;
		};
/* End PBXResourcesBuildPhase section */

/* Begin PBXSourcesBuildPhase section */
		BC56D581289B993B00AFB73D /* Sources */ = {
			isa = PBXSourcesBuildPhase;
			buildActionMask = 2147483647;
			files = (
				BCFBC42828A1F71F00A95A9F /* DemoHomeViewController.swift in Sources */,
				BC0FE77F289E61930022B907 /* KakaoLoginViewController.swift in Sources */,
				BC56D58D289B993B00AFB73D /* DelegateViewController.swift in Sources */,
				BC56D589289B993B00AFB73D /* AppDelegate.swift in Sources */,
				BCFBC42C28A22CFD00A95A9F /* HomeCollectionViewCellThree.swift in Sources */,
				BC56D5B0289BB39200AFB73D /* AlamofireViewController.swift in Sources */,
				BC8534ED28A38869002CC56D /* CoordinatorSecondViewController.swift in Sources */,
				BC56D593289B993B00AFB73D /* practiceProject.xcdatamodeld in Sources */,
				BC64BEEC28A65E4D00EE7A4D /* VideoViewController.swift in Sources */,
				BCB9FA6128A0E7EC009A3CC1 /* HomeCollectionViewCellOne.swift in Sources */,
				BCFBC42628A1F6E400A95A9F /* HomeTableViewCellThree.swift in Sources */,
				BCB9FA5828A0DCD1009A3CC1 /* HomeViewController.swift in Sources */,
				BC0FE77A289E0C250022B907 /* CombineViewController.swift in Sources */,
				BC56D5B4289BFF5400AFB73D /* Weather.swift in Sources */,
				BCB9FA5A28A0DD54009A3CC1 /* RootTabBarViewController.swift in Sources */,
				BC56D5B2289BBCB400AFB73D /* AlamofireManager.swift in Sources */,
				BC56D5A6289BA23D00AFB73D /* SecondViewController.swift in Sources */,
				BCB9FA5C28A0DE39009A3CC1 /* ChatViewController.swift in Sources */,
				BC0FE77C289E0C3C0022B907 /* CombineViewModel.swift in Sources */,
				BCFBC42E28A2525F00A95A9F /* HomeCollectionViewCellTwo.swift in Sources */,
				BC8534EF28A3BA98002CC56D /* TestCoordinator.swift in Sources */,
				BC8534F128A3C1FE002CC56D /* Coordinator.swift in Sources */,
				BC56D5AB289BAF1100AFB73D /* EscapingViewController.swift in Sources */,
				BCFBC43028A2528100A95A9F /* HomeTableViewCellTwo.swift in Sources */,
				BC8534F428A520DE002CC56D /* AudioViewController.swift in Sources */,
				BC8534EB28A3885E002CC56D /* CoordinatorFirstViewController.swift in Sources */,
				BCAFCD3B289CDBC500926181 /* User.swift in Sources */,
				BCFBC42A28A205FB00A95A9F /* HomeTableViewCellOne.swift in Sources */,
				BC0FE797289E66580022B907 /* KakaoAuthVM.swift in Sources */,
				BC56D58B289B993B00AFB73D /* SceneDelegate.swift in Sources */,
			);
			runOnlyForDeploymentPostprocessing = 0;
		};
/* End PBXSourcesBuildPhase section */

/* Begin PBXVariantGroup section */
		BC56D596289B993C00AFB73D /* LaunchScreen.storyboard */ = {
			isa = PBXVariantGroup;
			children = (
				BC56D597289B993C00AFB73D /* Base */,
			);
			name = LaunchScreen.storyboard;
			sourceTree = "<group>";
		};
/* End PBXVariantGroup section */

/* Begin XCBuildConfiguration section */
		BC56D59A289B993C00AFB73D /* Debug */ = {
			isa = XCBuildConfiguration;
			baseConfigurationReference = BC0FE795289E63670022B907 /* Config.xcconfig */;
			buildSettings = {
				ALWAYS_SEARCH_USER_PATHS = NO;
				CLANG_ANALYZER_NONNULL = YES;
				CLANG_ANALYZER_NUMBER_OBJECT_CONVERSION = YES_AGGRESSIVE;
				CLANG_CXX_LANGUAGE_STANDARD = "gnu++17";
				CLANG_ENABLE_MODULES = YES;
				CLANG_ENABLE_OBJC_ARC = YES;
				CLANG_ENABLE_OBJC_WEAK = YES;
				CLANG_WARN_BLOCK_CAPTURE_AUTORELEASING = YES;
				CLANG_WARN_BOOL_CONVERSION = YES;
				CLANG_WARN_COMMA = YES;
				CLANG_WARN_CONSTANT_CONVERSION = YES;
				CLANG_WARN_DEPRECATED_OBJC_IMPLEMENTATIONS = YES;
				CLANG_WARN_DIRECT_OBJC_ISA_USAGE = YES_ERROR;
				CLANG_WARN_DOCUMENTATION_COMMENTS = YES;
				CLANG_WARN_EMPTY_BODY = YES;
				CLANG_WARN_ENUM_CONVERSION = YES;
				CLANG_WARN_INFINITE_RECURSION = YES;
				CLANG_WARN_INT_CONVERSION = YES;
				CLANG_WARN_NON_LITERAL_NULL_CONVERSION = YES;
				CLANG_WARN_OBJC_IMPLICIT_RETAIN_SELF = YES;
				CLANG_WARN_OBJC_LITERAL_CONVERSION = YES;
				CLANG_WARN_OBJC_ROOT_CLASS = YES_ERROR;
				CLANG_WARN_QUOTED_INCLUDE_IN_FRAMEWORK_HEADER = YES;
				CLANG_WARN_RANGE_LOOP_ANALYSIS = YES;
				CLANG_WARN_STRICT_PROTOTYPES = YES;
				CLANG_WARN_SUSPICIOUS_MOVE = YES;
				CLANG_WARN_UNGUARDED_AVAILABILITY = YES_AGGRESSIVE;
				CLANG_WARN_UNREACHABLE_CODE = YES;
				CLANG_WARN__DUPLICATE_METHOD_MATCH = YES;
				COPY_PHASE_STRIP = NO;
				DEBUG_INFORMATION_FORMAT = dwarf;
				ENABLE_STRICT_OBJC_MSGSEND = YES;
				ENABLE_TESTABILITY = YES;
				GCC_C_LANGUAGE_STANDARD = gnu11;
				GCC_DYNAMIC_NO_PIC = NO;
				GCC_NO_COMMON_BLOCKS = YES;
				GCC_OPTIMIZATION_LEVEL = 0;
				GCC_PREPROCESSOR_DEFINITIONS = (
					"DEBUG=1",
					"$(inherited)",
				);
				GCC_WARN_64_TO_32_BIT_CONVERSION = YES;
				GCC_WARN_ABOUT_RETURN_TYPE = YES_ERROR;
				GCC_WARN_UNDECLARED_SELECTOR = YES;
				GCC_WARN_UNINITIALIZED_AUTOS = YES_AGGRESSIVE;
				GCC_WARN_UNUSED_FUNCTION = YES;
				GCC_WARN_UNUSED_VARIABLE = YES;
				IPHONEOS_DEPLOYMENT_TARGET = 15.0;
				MTL_ENABLE_DEBUG_INFO = INCLUDE_SOURCE;
				MTL_FAST_MATH = YES;
				ONLY_ACTIVE_ARCH = YES;
				SDKROOT = iphoneos;
				SWIFT_ACTIVE_COMPILATION_CONDITIONS = DEBUG;
				SWIFT_OPTIMIZATION_LEVEL = "-Onone";
			};
			name = Debug;
		};
		BC56D59B289B993C00AFB73D /* Release */ = {
			isa = XCBuildConfiguration;
			baseConfigurationReference = BC0FE795289E63670022B907 /* Config.xcconfig */;
			buildSettings = {
				ALWAYS_SEARCH_USER_PATHS = NO;
				CLANG_ANALYZER_NONNULL = YES;
				CLANG_ANALYZER_NUMBER_OBJECT_CONVERSION = YES_AGGRESSIVE;
				CLANG_CXX_LANGUAGE_STANDARD = "gnu++17";
				CLANG_ENABLE_MODULES = YES;
				CLANG_ENABLE_OBJC_ARC = YES;
				CLANG_ENABLE_OBJC_WEAK = YES;
				CLANG_WARN_BLOCK_CAPTURE_AUTORELEASING = YES;
				CLANG_WARN_BOOL_CONVERSION = YES;
				CLANG_WARN_COMMA = YES;
				CLANG_WARN_CONSTANT_CONVERSION = YES;
				CLANG_WARN_DEPRECATED_OBJC_IMPLEMENTATIONS = YES;
				CLANG_WARN_DIRECT_OBJC_ISA_USAGE = YES_ERROR;
				CLANG_WARN_DOCUMENTATION_COMMENTS = YES;
				CLANG_WARN_EMPTY_BODY = YES;
				CLANG_WARN_ENUM_CONVERSION = YES;
				CLANG_WARN_INFINITE_RECURSION = YES;
				CLANG_WARN_INT_CONVERSION = YES;
				CLANG_WARN_NON_LITERAL_NULL_CONVERSION = YES;
				CLANG_WARN_OBJC_IMPLICIT_RETAIN_SELF = YES;
				CLANG_WARN_OBJC_LITERAL_CONVERSION = YES;
				CLANG_WARN_OBJC_ROOT_CLASS = YES_ERROR;
				CLANG_WARN_QUOTED_INCLUDE_IN_FRAMEWORK_HEADER = YES;
				CLANG_WARN_RANGE_LOOP_ANALYSIS = YES;
				CLANG_WARN_STRICT_PROTOTYPES = YES;
				CLANG_WARN_SUSPICIOUS_MOVE = YES;
				CLANG_WARN_UNGUARDED_AVAILABILITY = YES_AGGRESSIVE;
				CLANG_WARN_UNREACHABLE_CODE = YES;
				CLANG_WARN__DUPLICATE_METHOD_MATCH = YES;
				COPY_PHASE_STRIP = NO;
				DEBUG_INFORMATION_FORMAT = "dwarf-with-dsym";
				ENABLE_NS_ASSERTIONS = NO;
				ENABLE_STRICT_OBJC_MSGSEND = YES;
				GCC_C_LANGUAGE_STANDARD = gnu11;
				GCC_NO_COMMON_BLOCKS = YES;
				GCC_WARN_64_TO_32_BIT_CONVERSION = YES;
				GCC_WARN_ABOUT_RETURN_TYPE = YES_ERROR;
				GCC_WARN_UNDECLARED_SELECTOR = YES;
				GCC_WARN_UNINITIALIZED_AUTOS = YES_AGGRESSIVE;
				GCC_WARN_UNUSED_FUNCTION = YES;
				GCC_WARN_UNUSED_VARIABLE = YES;
				IPHONEOS_DEPLOYMENT_TARGET = 15.0;
				MTL_ENABLE_DEBUG_INFO = NO;
				MTL_FAST_MATH = YES;
				SDKROOT = iphoneos;
				SWIFT_COMPILATION_MODE = wholemodule;
				SWIFT_OPTIMIZATION_LEVEL = "-O";
				VALIDATE_PRODUCT = YES;
			};
			name = Release;
		};
		BC56D59D289B993C00AFB73D /* Debug */ = {
			isa = XCBuildConfiguration;
			baseConfigurationReference = BC0FE795289E63670022B907 /* Config.xcconfig */;
			buildSettings = {
				ASSETCATALOG_COMPILER_APPICON_NAME = AppIcon;
				ASSETCATALOG_COMPILER_GLOBAL_ACCENT_COLOR_NAME = AccentColor;
				CODE_SIGN_STYLE = Automatic;
				CURRENT_PROJECT_VERSION = 1;
				DEVELOPMENT_TEAM = F92UQYH2RA;
				GENERATE_INFOPLIST_FILE = YES;
				INFOPLIST_FILE = practiceProject/Info.plist;
				INFOPLIST_KEY_UIApplicationSupportsIndirectInputEvents = YES;
				INFOPLIST_KEY_UILaunchStoryboardName = LaunchScreen;
				INFOPLIST_KEY_UISupportedInterfaceOrientations_iPad = "UIInterfaceOrientationPortrait UIInterfaceOrientationPortraitUpsideDown UIInterfaceOrientationLandscapeLeft UIInterfaceOrientationLandscapeRight";
				INFOPLIST_KEY_UISupportedInterfaceOrientations_iPhone = "UIInterfaceOrientationPortrait UIInterfaceOrientationLandscapeLeft UIInterfaceOrientationLandscapeRight";
				LD_RUNPATH_SEARCH_PATHS = (
					"$(inherited)",
					"@executable_path/Frameworks",
				);
				MARKETING_VERSION = 1.0;
				PRODUCT_BUNDLE_IDENTIFIER = ungchun.practiceProject;
				PRODUCT_NAME = "$(TARGET_NAME)";
				SWIFT_EMIT_LOC_STRINGS = YES;
				SWIFT_VERSION = 5.0;
				TARGETED_DEVICE_FAMILY = "1,2";
			};
			name = Debug;
		};
		BC56D59E289B993C00AFB73D /* Release */ = {
			isa = XCBuildConfiguration;
			baseConfigurationReference = BC0FE795289E63670022B907 /* Config.xcconfig */;
			buildSettings = {
				ASSETCATALOG_COMPILER_APPICON_NAME = AppIcon;
				ASSETCATALOG_COMPILER_GLOBAL_ACCENT_COLOR_NAME = AccentColor;
				CODE_SIGN_STYLE = Automatic;
				CURRENT_PROJECT_VERSION = 1;
				DEVELOPMENT_TEAM = F92UQYH2RA;
				GENERATE_INFOPLIST_FILE = YES;
				INFOPLIST_FILE = practiceProject/Info.plist;
				INFOPLIST_KEY_UIApplicationSupportsIndirectInputEvents = YES;
				INFOPLIST_KEY_UILaunchStoryboardName = LaunchScreen;
				INFOPLIST_KEY_UISupportedInterfaceOrientations_iPad = "UIInterfaceOrientationPortrait UIInterfaceOrientationPortraitUpsideDown UIInterfaceOrientationLandscapeLeft UIInterfaceOrientationLandscapeRight";
				INFOPLIST_KEY_UISupportedInterfaceOrientations_iPhone = "UIInterfaceOrientationPortrait UIInterfaceOrientationLandscapeLeft UIInterfaceOrientationLandscapeRight";
				LD_RUNPATH_SEARCH_PATHS = (
					"$(inherited)",
					"@executable_path/Frameworks",
				);
				MARKETING_VERSION = 1.0;
				PRODUCT_BUNDLE_IDENTIFIER = ungchun.practiceProject;
				PRODUCT_NAME = "$(TARGET_NAME)";
				SWIFT_EMIT_LOC_STRINGS = YES;
				SWIFT_VERSION = 5.0;
				TARGETED_DEVICE_FAMILY = "1,2";
			};
			name = Release;
		};
/* End XCBuildConfiguration section */

/* Begin XCConfigurationList section */
		BC56D580289B993B00AFB73D /* Build configuration list for PBXProject "practiceProject" */ = {
			isa = XCConfigurationList;
			buildConfigurations = (
				BC56D59A289B993C00AFB73D /* Debug */,
				BC56D59B289B993C00AFB73D /* Release */,
			);
			defaultConfigurationIsVisible = 0;
			defaultConfigurationName = Release;
		};
		BC56D59C289B993C00AFB73D /* Build configuration list for PBXNativeTarget "practiceProject" */ = {
			isa = XCConfigurationList;
			buildConfigurations = (
				BC56D59D289B993C00AFB73D /* Debug */,
				BC56D59E289B993C00AFB73D /* Release */,
			);
			defaultConfigurationIsVisible = 0;
			defaultConfigurationName = Release;
		};
/* End XCConfigurationList section */

/* Begin XCRemoteSwiftPackageReference section */
		BC0FE780289E62400022B907 /* XCRemoteSwiftPackageReference "kakao-ios-sdk" */ = {
			isa = XCRemoteSwiftPackageReference;
			repositoryURL = "https://github.com/kakao/kakao-ios-sdk";
			requirement = {
				branch = master;
				kind = branch;
			};
		};
		BC0FE798289E675E0022B907 /* XCRemoteSwiftPackageReference "SnapKit" */ = {
			isa = XCRemoteSwiftPackageReference;
			repositoryURL = "https://github.com/SnapKit/SnapKit.git";
			requirement = {
				branch = develop;
				kind = branch;
			};
		};
		BC56D59F289BA10500AFB73D /* XCRemoteSwiftPackageReference "Alamofire" */ = {
			isa = XCRemoteSwiftPackageReference;
			repositoryURL = "https://github.com/Alamofire/Alamofire.git";
			requirement = {
				branch = master;
				kind = branch;
			};
		};
/* End XCRemoteSwiftPackageReference section */

/* Begin XCSwiftPackageProductDependency section */
		BC0FE781289E62400022B907 /* KakaoSDK */ = {
			isa = XCSwiftPackageProductDependency;
			package = BC0FE780289E62400022B907 /* XCRemoteSwiftPackageReference "kakao-ios-sdk" */;
			productName = KakaoSDK;
		};
		BC0FE783289E62400022B907 /* KakaoSDKAuth */ = {
			isa = XCSwiftPackageProductDependency;
			package = BC0FE780289E62400022B907 /* XCRemoteSwiftPackageReference "kakao-ios-sdk" */;
			productName = KakaoSDKAuth;
		};
		BC0FE785289E62400022B907 /* KakaoSDKCommon */ = {
			isa = XCSwiftPackageProductDependency;
			package = BC0FE780289E62400022B907 /* XCRemoteSwiftPackageReference "kakao-ios-sdk" */;
			productName = KakaoSDKCommon;
		};
		BC0FE787289E62400022B907 /* KakaoSDKCommonCore */ = {
			isa = XCSwiftPackageProductDependency;
			package = BC0FE780289E62400022B907 /* XCRemoteSwiftPackageReference "kakao-ios-sdk" */;
			productName = KakaoSDKCommonCore;
		};
		BC0FE789289E62400022B907 /* KakaoSDKNavi */ = {
			isa = XCSwiftPackageProductDependency;
			package = BC0FE780289E62400022B907 /* XCRemoteSwiftPackageReference "kakao-ios-sdk" */;
			productName = KakaoSDKNavi;
		};
		BC0FE78B289E62400022B907 /* KakaoSDKShare */ = {
			isa = XCSwiftPackageProductDependency;
			package = BC0FE780289E62400022B907 /* XCRemoteSwiftPackageReference "kakao-ios-sdk" */;
			productName = KakaoSDKShare;
		};
		BC0FE78D289E62400022B907 /* KakaoSDKStory */ = {
			isa = XCSwiftPackageProductDependency;
			package = BC0FE780289E62400022B907 /* XCRemoteSwiftPackageReference "kakao-ios-sdk" */;
			productName = KakaoSDKStory;
		};
		BC0FE78F289E62400022B907 /* KakaoSDKTalk */ = {
			isa = XCSwiftPackageProductDependency;
			package = BC0FE780289E62400022B907 /* XCRemoteSwiftPackageReference "kakao-ios-sdk" */;
			productName = KakaoSDKTalk;
		};
		BC0FE791289E62400022B907 /* KakaoSDKTemplate */ = {
			isa = XCSwiftPackageProductDependency;
			package = BC0FE780289E62400022B907 /* XCRemoteSwiftPackageReference "kakao-ios-sdk" */;
			productName = KakaoSDKTemplate;
		};
		BC0FE793289E62400022B907 /* KakaoSDKUser */ = {
			isa = XCSwiftPackageProductDependency;
			package = BC0FE780289E62400022B907 /* XCRemoteSwiftPackageReference "kakao-ios-sdk" */;
			productName = KakaoSDKUser;
		};
		BC0FE799289E675E0022B907 /* SnapKit */ = {
			isa = XCSwiftPackageProductDependency;
			package = BC0FE798289E675E0022B907 /* XCRemoteSwiftPackageReference "SnapKit" */;
			productName = SnapKit;
		};
		BC56D5A0289BA10500AFB73D /* Alamofire */ = {
			isa = XCSwiftPackageProductDependency;
			package = BC56D59F289BA10500AFB73D /* XCRemoteSwiftPackageReference "Alamofire" */;
			productName = Alamofire;
		};
/* End XCSwiftPackageProductDependency section */

/* Begin XCVersionGroup section */
		BC56D591289B993B00AFB73D /* practiceProject.xcdatamodeld */ = {
			isa = XCVersionGroup;
			children = (
				BC56D592289B993B00AFB73D /* practiceProject.xcdatamodel */,
			);
			currentVersion = BC56D592289B993B00AFB73D /* practiceProject.xcdatamodel */;
			path = practiceProject.xcdatamodeld;
			sourceTree = "<group>";
			versionGroupType = wrapper.xcdatamodel;
		};
/* End XCVersionGroup section */
	};
	rootObject = BC56D57D289B993B00AFB73D /* Project object */;
}
